{
  "R": {
    "Version": "4.3.1",
    "Repositories": [
      {
        "Name": "CRAN",
        "URL": "http://cran.rstudio.com"
      }
    ]
  },
  "Packages": {
    "palmerpenguins": {
      "Package": "palmerpenguins",
      "Version": "0.1.1",
      "Source": "Repository",
      "Repository": "CRAN",
      "Requirements": [
        "R"
      ],
      "Hash": "6c6861efbc13c1d543749e9c7be4a592"
    },
    "renv": {
      "Package": "renv",
      "Version": "1.0.11",
      "Source": "Repository",
      "Repository": "CRAN",
      "Requirements": [
        "utils"
      ],
      "Hash": "47623f66b4e80b3b0587bc5d7b309888"
    }
  }
}
